
Microsoft Visual Studio Solution File, Format Version 12.00
# Visual Studio Version 17
VisualStudioVersion = 17.0.31903.59
MinimumVisualStudioVersion = 10.0.40219.1
Project("{2150E333-8FDC-42A3-9474-1A3956D46DE8}") = "src", "src", "{B8F5C7D1-5788-4C19-A15F-948A7FAB318F}"
EndProject
Project("{FAE04EC0-301F-11D3-BF4B-00C04F79EFBC}") = "TelinkOta.Core", "src\TelinkOta.Core\TelinkOta.Core.csproj", "{F2383E3A-69E4-447F-9DEA-F1676D1E3E00}"
EndProject
Project("{FAE04EC0-301F-11D3-BF4B-00C04F79EFBC}") = "TelinkOta.Mobile", "src\TelinkOta.Mobile\TelinkOta.Mobile.csproj", "{F96859F9-2B08-4F37-85C6-759081E7DDB0}"
EndProject
Project("{2150E333-8FDC-42A3-9474-1A3956D46DE8}") = "tests", "tests", "{BF1AB136-B145-474B-A8BC-19FC2B77075F}"
EndProject
Project("{FAE04EC0-301F-11D3-BF4B-00C04F79EFBC}") = "TelinkOta.Core.Tests", "tests\TelinkOta.Core.Tests\TelinkOta.Core.Tests.csproj", "{D8E03ACD-BF3E-428F-A3D7-019F65927833}"
EndProject
Global
	GlobalSection(SolutionConfigurationPlatforms) = preSolution
		Debug|Any CPU = Debug|Any CPU
		Release|Any CPU = Release|Any CPU
	EndGlobalSection
	GlobalSection(SolutionProperties) = preSolution
		HideSolutionNode = FALSE
	EndGlobalSection
	GlobalSection(ProjectConfigurationPlatforms) = postSolution
		{F2383E3A-69E4-447F-9DEA-F1676D1E3E00}.Debug|Any CPU.ActiveCfg = Debug|Any CPU
		{F2383E3A-69E4-447F-9DEA-F1676D1E3E00}.Debug|Any CPU.Build.0 = Debug|Any CPU
		{F2383E3A-69E4-447F-9DEA-F1676D1E3E00}.Release|Any CPU.ActiveCfg = Release|Any CPU
		{F2383E3A-69E4-447F-9DEA-F1676D1E3E00}.Release|Any CPU.Build.0 = Release|Any CPU
		{F96859F9-2B08-4F37-85C6-759081E7DDB0}.Debug|Any CPU.ActiveCfg = Debug|Any CPU
		{F96859F9-2B08-4F37-85C6-759081E7DDB0}.Debug|Any CPU.Build.0 = Debug|Any CPU
		{F96859F9-2B08-4F37-85C6-759081E7DDB0}.Release|Any CPU.ActiveCfg = Release|Any CPU
		{F96859F9-2B08-4F37-85C6-759081E7DDB0}.Release|Any CPU.Build.0 = Release|Any CPU
		{D8E03ACD-BF3E-428F-A3D7-019F65927833}.Debug|Any CPU.ActiveCfg = Debug|Any CPU
		{D8E03ACD-BF3E-428F-A3D7-019F65927833}.Debug|Any CPU.Build.0 = Debug|Any CPU
		{D8E03ACD-BF3E-428F-A3D7-019F65927833}.Release|Any CPU.ActiveCfg = Release|Any CPU
		{D8E03ACD-BF3E-428F-A3D7-019F65927833}.Release|Any CPU.Build.0 = Release|Any CPU
	EndGlobalSection
	GlobalSection(NestedProjects) = preSolution
		{F2383E3A-69E4-447F-9DEA-F1676D1E3E00} = {B8F5C7D1-5788-4C19-A15F-948A7FAB318F}
		{F96859F9-2B08-4F37-85C6-759081E7DDB0} = {B8F5C7D1-5788-4C19-A15F-948A7FAB318F}
		{D8E03ACD-BF3E-428F-A3D7-019F65927833} = {BF1AB136-B145-474B-A8BC-19FC2B77075F}
	EndGlobalSection
EndGlobal
